
Microsoft Visual Studio Solution File, Format Version 12.00
# Visual Studio Version 17
VisualStudioVersion = 17.7.34009.444
MinimumVisualStudioVersion = 10.0.40219.1
Project("{FAE04EC0-301F-11D3-BF4B-00C04F79EFBC}") = "ProyectoLaFarmaciaFinal", "ProyectoLaFarmaciaFinal.csproj", "{35B7AA37-E6F0-481F-A309-CB5EC6AF9546}"
EndProject
Global
	GlobalSection(SolutionConfigurationPlatforms) = preSolution
		Debug|Any CPU = Debug|Any CPU
		Release|Any CPU = Release|Any CPU
	EndGlobalSection
	GlobalSection(ProjectConfigurationPlatforms) = postSolution
		{35B7AA37-E6F0-481F-A309-CB5EC6AF9546}.Debug|Any CPU.ActiveCfg = Debug|Any CPU
		{35B7AA37-E6F0-481F-A309-CB5EC6AF9546}.Debug|Any CPU.Build.0 = Debug|Any CPU
		{35B7AA37-E6F0-481F-A309-CB5EC6AF9546}.Release|Any CPU.ActiveCfg = Release|Any CPU
		{35B7AA37-E6F0-481F-A309-CB5EC6AF9546}.Release|Any CPU.Build.0 = Release|Any CPU
	EndGlobalSection
	GlobalSection(SolutionProperties) = preSolution
		HideSolutionNode = FALSE
	EndGlobalSection
	GlobalSection(ExtensibilityGlobals) = postSolution
		SolutionGuid = {E7D372DD-7758-42C2-AA46-5B57E9B00672}
	EndGlobalSection
EndGlobal
